
Microsoft Visual Studio Solution File, Format Version 12.00
# Visual Studio Version 16
VisualStudioVersion = 16.0.31229.75
MinimumVisualStudioVersion = 10.0.40219.1
Project("{FAE04EC0-301F-11D3-BF4B-00C04F79EFBC}") = "hackathon avanaade", "hackathon avanaade\hackathon avanaade.csproj", "{6712181E-0865-4D0F-A190-27A8C4BFC3A7}"
EndProject
Global
	GlobalSection(SolutionConfigurationPlatforms) = preSolution
		Debug|Any CPU = Debug|Any CPU
		Release|Any CPU = Release|Any CPU
	EndGlobalSection
	GlobalSection(ProjectConfigurationPlatforms) = postSolution
		{6712181E-0865-4D0F-A190-27A8C4BFC3A7}.Debug|Any CPU.ActiveCfg = Debug|Any CPU
		{6712181E-0865-4D0F-A190-27A8C4BFC3A7}.Debug|Any CPU.Build.0 = Debug|Any CPU
		{6712181E-0865-4D0F-A190-27A8C4BFC3A7}.Release|Any CPU.ActiveCfg = Release|Any CPU
		{6712181E-0865-4D0F-A190-27A8C4BFC3A7}.Release|Any CPU.Build.0 = Release|Any CPU
	EndGlobalSection
	GlobalSection(SolutionProperties) = preSolution
		HideSolutionNode = FALSE
	EndGlobalSection
	GlobalSection(ExtensibilityGlobals) = postSolution
		SolutionGuid = {60D82F3C-DA08-4C02-B562-6B7EE8F437D0}
	EndGlobalSection
EndGlobal
